// !$*UTF8*$!
{
	archiveVersion = 1;
	classes = {
	};
	objectVersion = 56;
	objects = {

/* Begin PBXBuildFile section */
		6349736C2AA11E1E00871E42 /* Home.swift in Sources */ = {isa = PBXBuildFile; fileRef = 6349736B2AA11E1E00871E42 /* Home.swift */; };
		6349736E2AA11E2E00871E42 /* MyList.swift in Sources */ = {isa = PBXBuildFile; fileRef = 6349736D2AA11E2E00871E42 /* MyList.swift */; };
		634973702AA11E3D00871E42 /* profile.swift in Sources */ = {isa = PBXBuildFile; fileRef = 6349736F2AA11E3D00871E42 /* profile.swift */; };
		634973722AA15E2E00871E42 /* SchoolCatigory.swift in Sources */ = {isa = PBXBuildFile; fileRef = 634973712AA15E2E00871E42 /* SchoolCatigory.swift */; };
		634973742AA1629500871E42 /* SchoolDetailes.swift in Sources */ = {isa = PBXBuildFile; fileRef = 634973732AA1629500871E42 /* SchoolDetailes.swift */; };
		63979E562AA11DC2008E013D /* tabBarsApp.swift in Sources */ = {isa = PBXBuildFile; fileRef = 63979E552AA11DC2008E013D /* tabBarsApp.swift */; };
		63979E582AA11DC2008E013D /* ContentView.swift in Sources */ = {isa = PBXBuildFile; fileRef = 63979E572AA11DC2008E013D /* ContentView.swift */; };
		63979E5A2AA11DC3008E013D /* Assets.xcassets in Resources */ = {isa = PBXBuildFile; fileRef = 63979E592AA11DC3008E013D /* Assets.xcassets */; };
		63979E5D2AA11DC3008E013D /* Preview Assets.xcassets in Resources */ = {isa = PBXBuildFile; fileRef = 63979E5C2AA11DC3008E013D /* Preview Assets.xcassets */; };
/* End PBXBuildFile section */

/* Begin PBXFileReference section */
		6349736B2AA11E1E00871E42 /* Home.swift */ = {isa = PBXFileReference; lastKnownFileType = sourcecode.swift; path = Home.swift; sourceTree = "<group>"; };
		6349736D2AA11E2E00871E42 /* MyList.swift */ = {isa = PBXFileReference; lastKnownFileType = sourcecode.swift; path = MyList.swift; sourceTree = "<group>"; };
		6349736F2AA11E3D00871E42 /* profile.swift */ = {isa = PBXFileReference; lastKnownFileType = sourcecode.swift; path = profile.swift; sourceTree = "<group>"; };
		634973712AA15E2E00871E42 /* SchoolCatigory.swift */ = {isa = PBXFileReference; lastKnownFileType = sourcecode.swift; path = SchoolCatigory.swift; sourceTree = "<group>"; };
		634973732AA1629500871E42 /* SchoolDetailes.swift */ = {isa = PBXFileReference; lastKnownFileType = sourcecode.swift; path = SchoolDetailes.swift; sourceTree = "<group>"; };
		63979E522AA11DC2008E013D /* tabBars.app */ = {isa = PBXFileReference; explicitFileType = wrapper.application; includeInIndex = 0; path = tabBars.app; sourceTree = BUILT_PRODUCTS_DIR; };
		63979E552AA11DC2008E013D /* tabBarsApp.swift */ = {isa = PBXFileReference; lastKnownFileType = sourcecode.swift; path = tabBarsApp.swift; sourceTree = "<group>"; };
		63979E572AA11DC2008E013D /* ContentView.swift */ = {isa = PBXFileReference; lastKnownFileType = sourcecode.swift; path = ContentView.swift; sourceTree = "<group>"; };
		63979E592AA11DC3008E013D /* Assets.xcassets */ = {isa = PBXFileReference; lastKnownFileType = folder.assetcatalog; path = Assets.xcassets; sourceTree = "<group>"; };
		63979E5C2AA11DC3008E013D /* Preview Assets.xcassets */ = {isa = PBXFileReference; lastKnownFileType = folder.assetcatalog; path = "Preview Assets.xcassets"; sourceTree = "<group>"; };
/* End PBXFileReference section */

/* Begin PBXFrameworksBuildPhase section */
		63979E4F2AA11DC2008E013D /* Frameworks */ = {
			isa = PBXFrameworksBuildPhase;
			buildActionMask = 2147483647;
			files = (
			);
			runOnlyForDeploymentPostprocessing = 0;
		};
/* End PBXFrameworksBuildPhase section */

/* Begin PBXGroup section */
		63979E492AA11DC2008E013D = {
			isa = PBXGroup;
			children = (
				63979E542AA11DC2008E013D /* tabBars */,
				63979E532AA11DC2008E013D /* Products */,
			);
			sourceTree = "<group>";
		};
		63979E532AA11DC2008E013D /* Products */ = {
			isa = PBXGroup;
			children = (
				63979E522AA11DC2008E013D /* tabBars.app */,
			);
			name = Products;
			sourceTree = "<group>";
		};
		63979E542AA11DC2008E013D /* tabBars */ = {
			isa = PBXGroup;
			children = (
				63979E552AA11DC2008E013D /* tabBarsApp.swift */,
				6349736F2AA11E3D00871E42 /* profile.swift */,
				6349736D2AA11E2E00871E42 /* MyList.swift */,
				6349736B2AA11E1E00871E42 /* Home.swift */,
				63979E572AA11DC2008E013D /* ContentView.swift */,
				634973712AA15E2E00871E42 /* SchoolCatigory.swift */,
				634973732AA1629500871E42 /* SchoolDetailes.swift */,
				63979E592AA11DC3008E013D /* Assets.xcassets */,
				63979E5B2AA11DC3008E013D /* Preview Content */,
			);
			path = tabBars;
			sourceTree = "<group>";
		};
		63979E5B2AA11DC3008E013D /* Preview Content */ = {
			isa = PBXGroup;
			children = (
				63979E5C2AA11DC3008E013D /* Preview Assets.xcassets */,
			);
			path = "Preview Content";
			sourceTree = "<group>";
		};
/* End PBXGroup section */

/* Begin PBXNativeTarget section */
		63979E512AA11DC2008E013D /* tabBars */ = {
			isa = PBXNativeTarget;
			buildConfigurationList = 63979E602AA11DC3008E013D /* Build configuration list for PBXNativeTarget "tabBars" */;
			buildPhases = (
				63979E4E2AA11DC2008E013D /* Sources */,
				63979E4F2AA11DC2008E013D /* Frameworks */,
				63979E502AA11DC2008E013D /* Resources */,
			);
			buildRules = (
			);
			dependencies = (
			);
			name = tabBars;
			productName = tabBars;
			productReference = 63979E522AA11DC2008E013D /* tabBars.app */;
			productType = "com.apple.product-type.application";
		};
/* End PBXNativeTarget section */

/* Begin PBXProject section */
		63979E4A2AA11DC2008E013D /* Project object */ = {
			isa = PBXProject;
			attributes = {
				BuildIndependentTargetsInParallel = 1;
				LastSwiftUpdateCheck = 1430;
				LastUpgradeCheck = 1430;
				TargetAttributes = {
					63979E512AA11DC2008E013D = {
						CreatedOnToolsVersion = 14.3.1;
					};
				};
			};
			buildConfigurationList = 63979E4D2AA11DC2008E013D /* Build configuration list for PBXProject "tabBars" */;
			compatibilityVersion = "Xcode 14.0";
			developmentRegion = en;
			hasScannedForEncodings = 0;
			knownRegions = (
				en,
				Base,
			);
			mainGroup = 63979E492AA11DC2008E013D;
			productRefGroup = 63979E532AA11DC2008E013D /* Products */;
			projectDirPath = "";
			projectRoot = "";
			targets = (
				63979E512AA11DC2008E013D /* tabBars */,
			);
		};
/* End PBXProject section */

/* Begin PBXResourcesBuildPhase section */
		63979E502AA11DC2008E013D /* Resources */ = {
			isa = PBXResourcesBuildPhase;
			buildActionMask = 2147483647;
			files = (
				63979E5D2AA11DC3008E013D /* Preview Assets.xcassets in Resources */,
				63979E5A2AA11DC3008E013D /* Assets.xcassets in Resources */,
			);
			runOnlyForDeploymentPostprocessing = 0;
		};
/* End PBXResourcesBuildPhase section */

/* Begin PBXSourcesBuildPhase section */
		63979E4E2AA11DC2008E013D /* Sources */ = {
			isa = PBXSourcesBuildPhase;
			buildActionMask = 2147483647;
			files = (
				63979E582AA11DC2008E013D /* ContentView.swift in Sources */,
				6349736E2AA11E2E00871E42 /* MyList.swift in Sources */,
				6349736C2AA11E1E00871E42 /* Home.swift in Sources */,
				634973702AA11E3D00871E42 /* profile.swift in Sources */,
				63979E562AA11DC2008E013D /* tabBarsApp.swift in Sources */,
				634973722AA15E2E00871E42 /* SchoolCatigory.swift in Sources */,
				634973742AA1629500871E42 /* SchoolDetailes.swift in Sources */,
			);
			runOnlyForDeploymentPostprocessing = 0;
		};
/* End PBXSourcesBuildPhase section */

/* Begin XCBuildConfiguration section */
		63979E5E2AA11DC3008E013D /* Debug */ = {
			isa = XCBuildConfiguration;
			buildSettings = {
				ALWAYS_SEARCH_USER_PATHS = NO;
				CLANG_ANALYZER_NONNULL = YES;
				CLANG_ANALYZER_NUMBER_OBJECT_CONVERSION = YES_AGGRESSIVE;
				CLANG_CXX_LANGUAGE_STANDARD = "gnu++20";
				CLANG_ENABLE_MODULES = YES;
				CLANG_ENABLE_OBJC_ARC = YES;
				CLANG_ENABLE_OBJC_WEAK = YES;
				CLANG_WARN_BLOCK_CAPTURE_AUTORELEASING = YES;
				CLANG_WARN_BOOL_CONVERSION = YES;
				CLANG_WARN_COMMA = YES;
				CLANG_WARN_CONSTANT_CONVERSION = YES;
				CLANG_WARN_DEPRECATED_OBJC_IMPLEMENTATIONS = YES;
				CLANG_WARN_DIRECT_OBJC_ISA_USAGE = YES_ERROR;
				CLANG_WARN_DOCUMENTATION_COMMENTS = YES;
				CLANG_WARN_EMPTY_BODY = YES;
				CLANG_WARN_ENUM_CONVERSION = YES;
				CLANG_WARN_INFINITE_RECURSION = YES;
				CLANG_WARN_INT_CONVERSION = YES;
				CLANG_WARN_NON_LITERAL_NULL_CONVERSION = YES;
				CLANG_WARN_OBJC_IMPLICIT_RETAIN_SELF = YES;
				CLANG_WARN_OBJC_LITERAL_CONVERSION = YES;
				CLANG_WARN_OBJC_ROOT_CLASS = YES_ERROR;
				CLANG_WARN_QUOTED_INCLUDE_IN_FRAMEWORK_HEADER = YES;
				CLANG_WARN_RANGE_LOOP_ANALYSIS = YES;
				CLANG_WARN_STRICT_PROTOTYPES = YES;
				CLANG_WARN_SUSPICIOUS_MOVE = YES;
				CLANG_WARN_UNGUARDED_AVAILABILITY = YES_AGGRESSIVE;
				CLANG_WARN_UNREACHABLE_CODE = YES;
				CLANG_WARN__DUPLICATE_METHOD_MATCH = YES;
				COPY_PHASE_STRIP = NO;
				DEBUG_INFORMATION_FORMAT = dwarf;
				ENABLE_STRICT_OBJC_MSGSEND = YES;
				ENABLE_TESTABILITY = YES;
				GCC_C_LANGUAGE_STANDARD = gnu11;
				GCC_DYNAMIC_NO_PIC = NO;
				GCC_NO_COMMON_BLOCKS = YES;
				GCC_OPTIMIZATION_LEVEL = 0;
				GCC_PREPROCESSOR_DEFINITIONS = (
					"DEBUG=1",
					"$(inherited)",
				);
				GCC_WARN_64_TO_32_BIT_CONVERSION = YES;
				GCC_WARN_ABOUT_RETURN_TYPE = YES_ERROR;
				GCC_WARN_UNDECLARED_SELECTOR = YES;
				GCC_WARN_UNINITIALIZED_AUTOS = YES_AGGRESSIVE;
				GCC_WARN_UNUSED_FUNCTION = YES;
				GCC_WARN_UNUSED_VARIABLE = YES;
				IPHONEOS_DEPLOYMENT_TARGET = 16.4;
				MTL_ENABLE_DEBUG_INFO = INCLUDE_SOURCE;
				MTL_FAST_MATH = YES;
				ONLY_ACTIVE_ARCH = YES;
				SDKROOT = iphoneos;
				SWIFT_ACTIVE_COMPILATION_CONDITIONS = DEBUG;
				SWIFT_OPTIMIZATION_LEVEL = "-Onone";
			};
			name = Debug;
		};
		63979E5F2AA11DC3008E013D /* Release */ = {
			isa = XCBuildConfiguration;
			buildSettings = {
				ALWAYS_SEARCH_USER_PATHS = NO;
				CLANG_ANALYZER_NONNULL = YES;
				CLANG_ANALYZER_NUMBER_OBJECT_CONVERSION = YES_AGGRESSIVE;
				CLANG_CXX_LANGUAGE_STANDARD = "gnu++20";
				CLANG_ENABLE_MODULES = YES;
				CLANG_ENABLE_OBJC_ARC = YES;
				CLANG_ENABLE_OBJC_WEAK = YES;
				CLANG_WARN_BLOCK_CAPTURE_AUTORELEASING = YES;
				CLANG_WARN_BOOL_CONVERSION = YES;
				CLANG_WARN_COMMA = YES;
				CLANG_WARN_CONSTANT_CONVERSION = YES;
				CLANG_WARN_DEPRECATED_OBJC_IMPLEMENTATIONS = YES;
				CLANG_WARN_DIRECT_OBJC_ISA_USAGE = YES_ERROR;
				CLANG_WARN_DOCUMENTATION_COMMENTS = YES;
				CLANG_WARN_EMPTY_BODY = YES;
				CLANG_WARN_ENUM_CONVERSION = YES;
				CLANG_WARN_INFINITE_RECURSION = YES;
				CLANG_WARN_INT_CONVERSION = YES;
				CLANG_WARN_NON_LITERAL_NULL_CONVERSION = YES;
				CLANG_WARN_OBJC_IMPLICIT_RETAIN_SELF = YES;
				CLANG_WARN_OBJC_LITERAL_CONVERSION = YES;
				CLANG_WARN_OBJC_ROOT_CLASS = YES_ERROR;
				CLANG_WARN_QUOTED_INCLUDE_IN_FRAMEWORK_HEADER = YES;
				CLANG_WARN_RANGE_LOOP_ANALYSIS = YES;
				CLANG_WARN_STRICT_PROTOTYPES = YES;
				CLANG_WARN_SUSPICIOUS_MOVE = YES;
				CLANG_WARN_UNGUARDED_AVAILABILITY = YES_AGGRESSIVE;
				CLANG_WARN_UNREACHABLE_CODE = YES;
				CLANG_WARN__DUPLICATE_METHOD_MATCH = YES;
				COPY_PHASE_STRIP = NO;
				DEBUG_INFORMATION_FORMAT = "dwarf-with-dsym";
				ENABLE_NS_ASSERTIONS = NO;
				ENABLE_STRICT_OBJC_MSGSEND = YES;
				GCC_C_LANGUAGE_STANDARD = gnu11;
				GCC_NO_COMMON_BLOCKS = YES;
				GCC_WARN_64_TO_32_BIT_CONVERSION = YES;
				GCC_WARN_ABOUT_RETURN_TYPE = YES_ERROR;
				GCC_WARN_UNDECLARED_SELECTOR = YES;
				GCC_WARN_UNINITIALIZED_AUTOS = YES_AGGRESSIVE;
				GCC_WARN_UNUSED_FUNCTION = YES;
				GCC_WARN_UNUSED_VARIABLE = YES;
				IPHONEOS_DEPLOYMENT_TARGET = 16.4;
				MTL_ENABLE_DEBUG_INFO = NO;
				MTL_FAST_MATH = YES;
				SDKROOT = iphoneos;
				SWIFT_COMPILATION_MODE = wholemodule;
				SWIFT_OPTIMIZATION_LEVEL = "-O";
				VALIDATE_PRODUCT = YES;
			};
			name = Release;
		};
		63979E612AA11DC3008E013D /* Debug */ = {
			isa = XCBuildConfiguration;
			buildSettings = {
				ASSETCATALOG_COMPILER_APPICON_NAME = AppIcon;
				ASSETCATALOG_COMPILER_GLOBAL_ACCENT_COLOR_NAME = AccentColor;
				CODE_SIGN_STYLE = Automatic;
				CURRENT_PROJECT_VERSION = 1;
				DEVELOPMENT_ASSET_PATHS = "\"tabBars/Preview Content\"";
				ENABLE_PREVIEWS = YES;
				GENERATE_INFOPLIST_FILE = YES;
				INFOPLIST_KEY_UIApplicationSceneManifest_Generation = YES;
				INFOPLIST_KEY_UIApplicationSupportsIndirectInputEvents = YES;
				INFOPLIST_KEY_UILaunchScreen_Generation = YES;
				INFOPLIST_KEY_UISupportedInterfaceOrientations_iPad = "UIInterfaceOrientationPortrait UIInterfaceOrientationPortraitUpsideDown UIInterfaceOrientationLandscapeLeft UIInterfaceOrientationLandscapeRight";
				INFOPLIST_KEY_UISupportedInterfaceOrientations_iPhone = "UIInterfaceOrientationPortrait UIInterfaceOrientationLandscapeLeft UIInterfaceOrientationLandscapeRight";
				LD_RUNPATH_SEARCH_PATHS = (
					"$(inherited)",
					"@executable_path/Frameworks",
				);
				MARKETING_VERSION = 1.0;
				PRODUCT_BUNDLE_IDENTIFIER = ios.tabBars;
				PRODUCT_NAME = "$(TARGET_NAME)";
				SWIFT_EMIT_LOC_STRINGS = YES;
				SWIFT_VERSION = 5.0;
				TARGETED_DEVICE_FAMILY = "1,2";
			};
			name = Debug;
		};
		63979E622AA11DC3008E013D /* Release */ = {
			isa = XCBuildConfiguration;
			buildSettings = {
				ASSETCATALOG_COMPILER_APPICON_NAME = AppIcon;
				ASSETCATALOG_COMPILER_GLOBAL_ACCENT_COLOR_NAME = AccentColor;
				CODE_SIGN_STYLE = Automatic;
				CURRENT_PROJECT_VERSION = 1;
				DEVELOPMENT_ASSET_PATHS = "\"tabBars/Preview Content\"";
				ENABLE_PREVIEWS = YES;
				GENERATE_INFOPLIST_FILE = YES;
				INFOPLIST_KEY_UIApplicationSceneManifest_Generation = YES;
				INFOPLIST_KEY_UIApplicationSupportsIndirectInputEvents = YES;
				INFOPLIST_KEY_UILaunchScreen_Generation = YES;
				INFOPLIST_KEY_UISupportedInterfaceOrientations_iPad = "UIInterfaceOrientationPortrait UIInterfaceOrientationPortraitUpsideDown UIInterfaceOrientationLandscapeLeft UIInterfaceOrientationLandscapeRight";
				INFOPLIST_KEY_UISupportedInterfaceOrientations_iPhone = "UIInterfaceOrientationPortrait UIInterfaceOrientationLandscapeLeft UIInterfaceOrientationLandscapeRight";
				LD_RUNPATH_SEARCH_PATHS = (
					"$(inherited)",
					"@executable_path/Frameworks",
				);
				MARKETING_VERSION = 1.0;
				PRODUCT_BUNDLE_IDENTIFIER = ios.tabBars;
				PRODUCT_NAME = "$(TARGET_NAME)";
				SWIFT_EMIT_LOC_STRINGS = YES;
				SWIFT_VERSION = 5.0;
				TARGETED_DEVICE_FAMILY = "1,2";
			};
			name = Release;
		};
/* End XCBuildConfiguration section */

/* Begin XCConfigurationList section */
		63979E4D2AA11DC2008E013D /* Build configuration list for PBXProject "tabBars" */ = {
			isa = XCConfigurationList;
			buildConfigurations = (
				63979E5E2AA11DC3008E013D /* Debug */,
				63979E5F2AA11DC3008E013D /* Release */,
			);
			defaultConfigurationIsVisible = 0;
			defaultConfigurationName = Release;
		};
		63979E602AA11DC3008E013D /* Build configuration list for PBXNativeTarget "tabBars" */ = {
			isa = XCConfigurationList;
			buildConfigurations = (
				63979E612AA11DC3008E013D /* Debug */,
				63979E622AA11DC3008E013D /* Release */,
			);
			defaultConfigurationIsVisible = 0;
			defaultConfigurationName = Release;
		};
/* End XCConfigurationList section */
	};
	rootObject = 63979E4A2AA11DC2008E013D /* Project object */;
}
